// !$*UTF8*$!
{
	archiveVersion = 1;
	classes = {
	};
	objectVersion = 50;
	objects = {

/* Begin PBXBuildFile section */
		342FA509265BA1A800663BB2 /* hospital1.png in Resources */ = {isa = PBXBuildFile; fileRef = 342FA505265BA1A700663BB2 /* hospital1.png */; };
		342FA50A265BA1A800663BB2 /* mic1.png in Resources */ = {isa = PBXBuildFile; fileRef = 342FA506265BA1A700663BB2 /* mic1.png */; };
		342FA50B265BA1A800663BB2 /* cafe1.png in Resources */ = {isa = PBXBuildFile; fileRef = 342FA507265BA1A700663BB2 /* cafe1.png */; };
		342FA50C265BA1A800663BB2 /* food1.png in Resources */ = {isa = PBXBuildFile; fileRef = 342FA508265BA1A800663BB2 /* food1.png */; };
		342FA528265BAF2F00663BB2 /* etc1.png in Resources */ = {isa = PBXBuildFile; fileRef = 342FA522265BAF2E00663BB2 /* etc1.png */; };
		342FA529265BAF2F00663BB2 /* juyoso1.jpeg in Resources */ = {isa = PBXBuildFile; fileRef = 342FA523265BAF2E00663BB2 /* juyoso1.jpeg */; };
		342FA52A265BAF2F00663BB2 /* paramacy1.png in Resources */ = {isa = PBXBuildFile; fileRef = 342FA524265BAF2E00663BB2 /* paramacy1.png */; };
		342FA52C265BAF2F00663BB2 /* hotel1.png in Resources */ = {isa = PBXBuildFile; fileRef = 342FA526265BAF2F00663BB2 /* hotel1.png */; };
		342FA532265BAF3900663BB2 /* bookmark.jpeg in Resources */ = {isa = PBXBuildFile; fileRef = 342FA531265BAF3900663BB2 /* bookmark.jpeg */; };
		342FA54B265BB10700663BB2 /* park1.jpeg in Resources */ = {isa = PBXBuildFile; fileRef = 342FA549265BB10700663BB2 /* park1.jpeg */; };
		342FA54C265BB10700663BB2 /* bank1.jpeg in Resources */ = {isa = PBXBuildFile; fileRef = 342FA54A265BB10700663BB2 /* bank1.jpeg */; };
		342FA559265BB47800663BB2 /* DeveloperpickViewController.swift in Sources */ = {isa = PBXBuildFile; fileRef = 342FA558265BB47800663BB2 /* DeveloperpickViewController.swift */; };
		342FA561265BB72E00663BB2 /* photo3.jpeg in Resources */ = {isa = PBXBuildFile; fileRef = 342FA55D265BB72D00663BB2 /* photo3.jpeg */; };
		342FA562265BB72E00663BB2 /* photo2.jpeg in Resources */ = {isa = PBXBuildFile; fileRef = 342FA55E265BB72D00663BB2 /* photo2.jpeg */; };
		342FA563265BB72E00663BB2 /* photo1.jpeg in Resources */ = {isa = PBXBuildFile; fileRef = 342FA55F265BB72D00663BB2 /* photo1.jpeg */; };
		342FA564265BB72E00663BB2 /* photo4.jpeg in Resources */ = {isa = PBXBuildFile; fileRef = 342FA560265BB72E00663BB2 /* photo4.jpeg */; };
		342FA579265BC2EF00663BB2 /* title.png in Resources */ = {isa = PBXBuildFile; fileRef = 342FA578265BC2EF00663BB2 /* title.png */; };
		342FA586265BED0A00663BB2 /* photo5.jpeg in Resources */ = {isa = PBXBuildFile; fileRef = 342FA585265BED0A00663BB2 /* photo5.jpeg */; };
		342FA58D265BF00200663BB2 /* Hospital.swift in Sources */ = {isa = PBXBuildFile; fileRef = 342FA58A265BF00100663BB2 /* Hospital.swift */; };
		342FA58E265BF00200663BB2 /* HospitalTableViewController.swift in Sources */ = {isa = PBXBuildFile; fileRef = 342FA58B265BF00100663BB2 /* HospitalTableViewController.swift */; };
		342FA58F265BF00200663BB2 /* MapViewController.swift in Sources */ = {isa = PBXBuildFile; fileRef = 342FA58C265BF00200663BB2 /* MapViewController.swift */; };
		7788725D264A64AC00B922D4 /* AppDelegate.swift in Sources */ = {isa = PBXBuildFile; fileRef = 7788725C264A64AC00B922D4 /* AppDelegate.swift */; };
		7788725F264A64AC00B922D4 /* SceneDelegate.swift in Sources */ = {isa = PBXBuildFile; fileRef = 7788725E264A64AC00B922D4 /* SceneDelegate.swift */; };
		77887261264A64AC00B922D4 /* ViewController.swift in Sources */ = {isa = PBXBuildFile; fileRef = 77887260264A64AC00B922D4 /* ViewController.swift */; };
		77887264264A64AC00B922D4 /* Main.storyboard in Resources */ = {isa = PBXBuildFile; fileRef = 77887262264A64AC00B922D4 /* Main.storyboard */; };
		77887266264A64AE00B922D4 /* Assets.xcassets in Resources */ = {isa = PBXBuildFile; fileRef = 77887265264A64AE00B922D4 /* Assets.xcassets */; };
		77887269264A64AE00B922D4 /* LaunchScreen.storyboard in Resources */ = {isa = PBXBuildFile; fileRef = 77887267264A64AE00B922D4 /* LaunchScreen.storyboard */; };
		77887274264A64AE00B922D4 /* SGP_WhereIGoTests.swift in Sources */ = {isa = PBXBuildFile; fileRef = 77887273264A64AE00B922D4 /* SGP_WhereIGoTests.swift */; };
		7788727F264A64AE00B922D4 /* SGP_WhereIGoUITests.swift in Sources */ = {isa = PBXBuildFile; fileRef = 7788727E264A64AE00B922D4 /* SGP_WhereIGoUITests.swift */; };
/* End PBXBuildFile section */

/* Begin PBXContainerItemProxy section */
		77887270264A64AE00B922D4 /* PBXContainerItemProxy */ = {
			isa = PBXContainerItemProxy;
			containerPortal = 77887251264A64AC00B922D4 /* Project object */;
			proxyType = 1;
			remoteGlobalIDString = 77887258264A64AC00B922D4;
			remoteInfo = SGP_WhereIGo;
		};
		7788727B264A64AE00B922D4 /* PBXContainerItemProxy */ = {
			isa = PBXContainerItemProxy;
			containerPortal = 77887251264A64AC00B922D4 /* Project object */;
			proxyType = 1;
			remoteGlobalIDString = 77887258264A64AC00B922D4;
			remoteInfo = SGP_WhereIGo;
		};
/* End PBXContainerItemProxy section */

/* Begin PBXFileReference section */
		342FA505265BA1A700663BB2 /* hospital1.png */ = {isa = PBXFileReference; lastKnownFileType = image.png; path = hospital1.png; sourceTree = "<group>"; };
		342FA506265BA1A700663BB2 /* mic1.png */ = {isa = PBXFileReference; lastKnownFileType = image.png; path = mic1.png; sourceTree = "<group>"; };
		342FA507265BA1A700663BB2 /* cafe1.png */ = {isa = PBXFileReference; lastKnownFileType = image.png; path = cafe1.png; sourceTree = "<group>"; };
		342FA508265BA1A800663BB2 /* food1.png */ = {isa = PBXFileReference; lastKnownFileType = image.png; path = food1.png; sourceTree = "<group>"; };
		342FA522265BAF2E00663BB2 /* etc1.png */ = {isa = PBXFileReference; lastKnownFileType = image.png; path = etc1.png; sourceTree = "<group>"; };
		342FA523265BAF2E00663BB2 /* juyoso1.jpeg */ = {isa = PBXFileReference; lastKnownFileType = image.jpeg; path = juyoso1.jpeg; sourceTree = "<group>"; };
		342FA524265BAF2E00663BB2 /* paramacy1.png */ = {isa = PBXFileReference; lastKnownFileType = image.png; path = paramacy1.png; sourceTree = "<group>"; };
		342FA526265BAF2F00663BB2 /* hotel1.png */ = {isa = PBXFileReference; lastKnownFileType = image.png; path = hotel1.png; sourceTree = "<group>"; };
		342FA531265BAF3900663BB2 /* bookmark.jpeg */ = {isa = PBXFileReference; lastKnownFileType = image.jpeg; path = bookmark.jpeg; sourceTree = "<group>"; };
		342FA549265BB10700663BB2 /* park1.jpeg */ = {isa = PBXFileReference; lastKnownFileType = image.jpeg; path = park1.jpeg; sourceTree = "<group>"; };
		342FA54A265BB10700663BB2 /* bank1.jpeg */ = {isa = PBXFileReference; lastKnownFileType = image.jpeg; path = bank1.jpeg; sourceTree = "<group>"; };
		342FA558265BB47800663BB2 /* DeveloperpickViewController.swift */ = {isa = PBXFileReference; lastKnownFileType = sourcecode.swift; path = DeveloperpickViewController.swift; sourceTree = "<group>"; };
		342FA55D265BB72D00663BB2 /* photo3.jpeg */ = {isa = PBXFileReference; lastKnownFileType = image.jpeg; path = photo3.jpeg; sourceTree = "<group>"; };
		342FA55E265BB72D00663BB2 /* photo2.jpeg */ = {isa = PBXFileReference; lastKnownFileType = image.jpeg; path = photo2.jpeg; sourceTree = "<group>"; };
		342FA55F265BB72D00663BB2 /* photo1.jpeg */ = {isa = PBXFileReference; lastKnownFileType = image.jpeg; path = photo1.jpeg; sourceTree = "<group>"; };
		342FA560265BB72E00663BB2 /* photo4.jpeg */ = {isa = PBXFileReference; lastKnownFileType = image.jpeg; path = photo4.jpeg; sourceTree = "<group>"; };
		342FA578265BC2EF00663BB2 /* title.png */ = {isa = PBXFileReference; lastKnownFileType = image.png; path = title.png; sourceTree = "<group>"; };
		342FA585265BED0A00663BB2 /* photo5.jpeg */ = {isa = PBXFileReference; lastKnownFileType = image.jpeg; path = photo5.jpeg; sourceTree = "<group>"; };
		342FA58A265BF00100663BB2 /* Hospital.swift */ = {isa = PBXFileReference; fileEncoding = 4; lastKnownFileType = sourcecode.swift; path = Hospital.swift; sourceTree = "<group>"; };
		342FA58B265BF00100663BB2 /* HospitalTableViewController.swift */ = {isa = PBXFileReference; fileEncoding = 4; lastKnownFileType = sourcecode.swift; path = HospitalTableViewController.swift; sourceTree = "<group>"; };
		342FA58C265BF00200663BB2 /* MapViewController.swift */ = {isa = PBXFileReference; fileEncoding = 4; lastKnownFileType = sourcecode.swift; path = MapViewController.swift; sourceTree = "<group>"; };
		77887259264A64AC00B922D4 /* SGP_WhereIGo.app */ = {isa = PBXFileReference; explicitFileType = wrapper.application; includeInIndex = 0; path = SGP_WhereIGo.app; sourceTree = BUILT_PRODUCTS_DIR; };
		7788725C264A64AC00B922D4 /* AppDelegate.swift */ = {isa = PBXFileReference; lastKnownFileType = sourcecode.swift; path = AppDelegate.swift; sourceTree = "<group>"; };
		7788725E264A64AC00B922D4 /* SceneDelegate.swift */ = {isa = PBXFileReference; lastKnownFileType = sourcecode.swift; path = SceneDelegate.swift; sourceTree = "<group>"; };
		77887260264A64AC00B922D4 /* ViewController.swift */ = {isa = PBXFileReference; lastKnownFileType = sourcecode.swift; path = ViewController.swift; sourceTree = "<group>"; };
		77887263264A64AC00B922D4 /* Base */ = {isa = PBXFileReference; lastKnownFileType = file.storyboard; name = Base; path = Base.lproj/Main.storyboard; sourceTree = "<group>"; };
		77887265264A64AE00B922D4 /* Assets.xcassets */ = {isa = PBXFileReference; lastKnownFileType = folder.assetcatalog; path = Assets.xcassets; sourceTree = "<group>"; };
		77887268264A64AE00B922D4 /* Base */ = {isa = PBXFileReference; lastKnownFileType = file.storyboard; name = Base; path = Base.lproj/LaunchScreen.storyboard; sourceTree = "<group>"; };
		7788726A264A64AE00B922D4 /* Info.plist */ = {isa = PBXFileReference; lastKnownFileType = text.plist.xml; path = Info.plist; sourceTree = "<group>"; };
		7788726F264A64AE00B922D4 /* SGP_WhereIGoTests.xctest */ = {isa = PBXFileReference; explicitFileType = wrapper.cfbundle; includeInIndex = 0; path = SGP_WhereIGoTests.xctest; sourceTree = BUILT_PRODUCTS_DIR; };
		77887273264A64AE00B922D4 /* SGP_WhereIGoTests.swift */ = {isa = PBXFileReference; lastKnownFileType = sourcecode.swift; path = SGP_WhereIGoTests.swift; sourceTree = "<group>"; };
		77887275264A64AE00B922D4 /* Info.plist */ = {isa = PBXFileReference; lastKnownFileType = text.plist.xml; path = Info.plist; sourceTree = "<group>"; };
		7788727A264A64AE00B922D4 /* SGP_WhereIGoUITests.xctest */ = {isa = PBXFileReference; explicitFileType = wrapper.cfbundle; includeInIndex = 0; path = SGP_WhereIGoUITests.xctest; sourceTree = BUILT_PRODUCTS_DIR; };
		7788727E264A64AE00B922D4 /* SGP_WhereIGoUITests.swift */ = {isa = PBXFileReference; lastKnownFileType = sourcecode.swift; path = SGP_WhereIGoUITests.swift; sourceTree = "<group>"; };
		77887280264A64AE00B922D4 /* Info.plist */ = {isa = PBXFileReference; lastKnownFileType = text.plist.xml; path = Info.plist; sourceTree = "<group>"; };
/* End PBXFileReference section */

/* Begin PBXFrameworksBuildPhase section */
		77887256264A64AC00B922D4 /* Frameworks */ = {
			isa = PBXFrameworksBuildPhase;
			buildActionMask = 2147483647;
			files = (
			);
			runOnlyForDeploymentPostprocessing = 0;
		};
		7788726C264A64AE00B922D4 /* Frameworks */ = {
			isa = PBXFrameworksBuildPhase;
			buildActionMask = 2147483647;
			files = (
			);
			runOnlyForDeploymentPostprocessing = 0;
		};
		77887277264A64AE00B922D4 /* Frameworks */ = {
			isa = PBXFrameworksBuildPhase;
			buildActionMask = 2147483647;
			files = (
			);
			runOnlyForDeploymentPostprocessing = 0;
		};
/* End PBXFrameworksBuildPhase section */

/* Begin PBXGroup section */
		344F2CEF265B76460059D8E1 /* Image */ = {
			isa = PBXGroup;
			children = (
				342FA585265BED0A00663BB2 /* photo5.jpeg */,
				342FA578265BC2EF00663BB2 /* title.png */,
				342FA55F265BB72D00663BB2 /* photo1.jpeg */,
				342FA55E265BB72D00663BB2 /* photo2.jpeg */,
				342FA55D265BB72D00663BB2 /* photo3.jpeg */,
				342FA560265BB72E00663BB2 /* photo4.jpeg */,
				342FA54A265BB10700663BB2 /* bank1.jpeg */,
				342FA549265BB10700663BB2 /* park1.jpeg */,
				342FA531265BAF3900663BB2 /* bookmark.jpeg */,
				342FA522265BAF2E00663BB2 /* etc1.png */,
				342FA526265BAF2F00663BB2 /* hotel1.png */,
				342FA523265BAF2E00663BB2 /* juyoso1.jpeg */,
				342FA524265BAF2E00663BB2 /* paramacy1.png */,
				342FA507265BA1A700663BB2 /* cafe1.png */,
				342FA508265BA1A800663BB2 /* food1.png */,
				342FA505265BA1A700663BB2 /* hospital1.png */,
				342FA506265BA1A700663BB2 /* mic1.png */,
			);
			path = Image;
			sourceTree = "<group>";
		};
		77887250264A64AC00B922D4 = {
			isa = PBXGroup;
			children = (
				344F2CEF265B76460059D8E1 /* Image */,
				7788725B264A64AC00B922D4 /* SGP_WhereIGo */,
				77887272264A64AE00B922D4 /* SGP_WhereIGoTests */,
				7788727D264A64AE00B922D4 /* SGP_WhereIGoUITests */,
				7788725A264A64AC00B922D4 /* Products */,
			);
			sourceTree = "<group>";
		};
		7788725A264A64AC00B922D4 /* Products */ = {
			isa = PBXGroup;
			children = (
				77887259264A64AC00B922D4 /* SGP_WhereIGo.app */,
				7788726F264A64AE00B922D4 /* SGP_WhereIGoTests.xctest */,
				7788727A264A64AE00B922D4 /* SGP_WhereIGoUITests.xctest */,
			);
			name = Products;
			sourceTree = "<group>";
		};
		7788725B264A64AC00B922D4 /* SGP_WhereIGo */ = {
			isa = PBXGroup;
			children = (
				342FA58A265BF00100663BB2 /* Hospital.swift */,
				342FA58B265BF00100663BB2 /* HospitalTableViewController.swift */,
				342FA58C265BF00200663BB2 /* MapViewController.swift */,
				7788725C264A64AC00B922D4 /* AppDelegate.swift */,
				7788725E264A64AC00B922D4 /* SceneDelegate.swift */,
				77887260264A64AC00B922D4 /* ViewController.swift */,
				77887262264A64AC00B922D4 /* Main.storyboard */,
				77887265264A64AE00B922D4 /* Assets.xcassets */,
				77887267264A64AE00B922D4 /* LaunchScreen.storyboard */,
				7788726A264A64AE00B922D4 /* Info.plist */,
				342FA558265BB47800663BB2 /* DeveloperpickViewController.swift */,
			);
			path = SGP_WhereIGo;
			sourceTree = "<group>";
		};
		77887272264A64AE00B922D4 /* SGP_WhereIGoTests */ = {
			isa = PBXGroup;
			children = (
				77887273264A64AE00B922D4 /* SGP_WhereIGoTests.swift */,
				77887275264A64AE00B922D4 /* Info.plist */,
			);
			path = SGP_WhereIGoTests;
			sourceTree = "<group>";
		};
		7788727D264A64AE00B922D4 /* SGP_WhereIGoUITests */ = {
			isa = PBXGroup;
			children = (
				7788727E264A64AE00B922D4 /* SGP_WhereIGoUITests.swift */,
				77887280264A64AE00B922D4 /* Info.plist */,
			);
			path = SGP_WhereIGoUITests;
			sourceTree = "<group>";
		};
/* End PBXGroup section */

/* Begin PBXNativeTarget section */
		77887258264A64AC00B922D4 /* SGP_WhereIGo */ = {
			isa = PBXNativeTarget;
			buildConfigurationList = 77887283264A64AE00B922D4 /* Build configuration list for PBXNativeTarget "SGP_WhereIGo" */;
			buildPhases = (
				77887255264A64AC00B922D4 /* Sources */,
				77887256264A64AC00B922D4 /* Frameworks */,
				77887257264A64AC00B922D4 /* Resources */,
			);
			buildRules = (
			);
			dependencies = (
			);
			name = SGP_WhereIGo;
			productName = SGP_WhereIGo;
			productReference = 77887259264A64AC00B922D4 /* SGP_WhereIGo.app */;
			productType = "com.apple.product-type.application";
		};
		7788726E264A64AE00B922D4 /* SGP_WhereIGoTests */ = {
			isa = PBXNativeTarget;
			buildConfigurationList = 77887286264A64AE00B922D4 /* Build configuration list for PBXNativeTarget "SGP_WhereIGoTests" */;
			buildPhases = (
				7788726B264A64AE00B922D4 /* Sources */,
				7788726C264A64AE00B922D4 /* Frameworks */,
				7788726D264A64AE00B922D4 /* Resources */,
			);
			buildRules = (
			);
			dependencies = (
				77887271264A64AE00B922D4 /* PBXTargetDependency */,
			);
			name = SGP_WhereIGoTests;
			productName = SGP_WhereIGoTests;
			productReference = 7788726F264A64AE00B922D4 /* SGP_WhereIGoTests.xctest */;
			productType = "com.apple.product-type.bundle.unit-test";
		};
		77887279264A64AE00B922D4 /* SGP_WhereIGoUITests */ = {
			isa = PBXNativeTarget;
			buildConfigurationList = 77887289264A64AE00B922D4 /* Build configuration list for PBXNativeTarget "SGP_WhereIGoUITests" */;
			buildPhases = (
				77887276264A64AE00B922D4 /* Sources */,
				77887277264A64AE00B922D4 /* Frameworks */,
				77887278264A64AE00B922D4 /* Resources */,
			);
			buildRules = (
			);
			dependencies = (
				7788727C264A64AE00B922D4 /* PBXTargetDependency */,
			);
			name = SGP_WhereIGoUITests;
			productName = SGP_WhereIGoUITests;
			productReference = 7788727A264A64AE00B922D4 /* SGP_WhereIGoUITests.xctest */;
			productType = "com.apple.product-type.bundle.ui-testing";
		};
/* End PBXNativeTarget section */

/* Begin PBXProject section */
		77887251264A64AC00B922D4 /* Project object */ = {
			isa = PBXProject;
			attributes = {
				LastSwiftUpdateCheck = 1240;
				LastUpgradeCheck = 1240;
				TargetAttributes = {
					77887258264A64AC00B922D4 = {
						CreatedOnToolsVersion = 12.4;
					};
					7788726E264A64AE00B922D4 = {
						CreatedOnToolsVersion = 12.4;
						TestTargetID = 77887258264A64AC00B922D4;
					};
					77887279264A64AE00B922D4 = {
						CreatedOnToolsVersion = 12.4;
						TestTargetID = 77887258264A64AC00B922D4;
					};
				};
			};
			buildConfigurationList = 77887254264A64AC00B922D4 /* Build configuration list for PBXProject "SGP_WhereIGo" */;
			compatibilityVersion = "Xcode 9.3";
			developmentRegion = en;
			hasScannedForEncodings = 0;
			knownRegions = (
				en,
				Base,
			);
			mainGroup = 77887250264A64AC00B922D4;
			productRefGroup = 7788725A264A64AC00B922D4 /* Products */;
			projectDirPath = "";
			projectRoot = "";
			targets = (
				77887258264A64AC00B922D4 /* SGP_WhereIGo */,
				7788726E264A64AE00B922D4 /* SGP_WhereIGoTests */,
				77887279264A64AE00B922D4 /* SGP_WhereIGoUITests */,
			);
		};
/* End PBXProject section */

/* Begin PBXResourcesBuildPhase section */
		77887257264A64AC00B922D4 /* Resources */ = {
			isa = PBXResourcesBuildPhase;
			buildActionMask = 2147483647;
			files = (
				342FA528265BAF2F00663BB2 /* etc1.png in Resources */,
				342FA54C265BB10700663BB2 /* bank1.jpeg in Resources */,
				342FA563265BB72E00663BB2 /* photo1.jpeg in Resources */,
				342FA579265BC2EF00663BB2 /* title.png in Resources */,
				342FA529265BAF2F00663BB2 /* juyoso1.jpeg in Resources */,
				342FA561265BB72E00663BB2 /* photo3.jpeg in Resources */,
				342FA509265BA1A800663BB2 /* hospital1.png in Resources */,
				342FA50C265BA1A800663BB2 /* food1.png in Resources */,
				77887269264A64AE00B922D4 /* LaunchScreen.storyboard in Resources */,
				342FA54B265BB10700663BB2 /* park1.jpeg in Resources */,
				342FA52C265BAF2F00663BB2 /* hotel1.png in Resources */,
				342FA532265BAF3900663BB2 /* bookmark.jpeg in Resources */,
				77887266264A64AE00B922D4 /* Assets.xcassets in Resources */,
				342FA562265BB72E00663BB2 /* photo2.jpeg in Resources */,
				342FA586265BED0A00663BB2 /* photo5.jpeg in Resources */,
				342FA50B265BA1A800663BB2 /* cafe1.png in Resources */,
				342FA52A265BAF2F00663BB2 /* paramacy1.png in Resources */,
				342FA564265BB72E00663BB2 /* photo4.jpeg in Resources */,
				342FA50A265BA1A800663BB2 /* mic1.png in Resources */,
				77887264264A64AC00B922D4 /* Main.storyboard in Resources */,
			);
			runOnlyForDeploymentPostprocessing = 0;
		};
		7788726D264A64AE00B922D4 /* Resources */ = {
			isa = PBXResourcesBuildPhase;
			buildActionMask = 2147483647;
			files = (
			);
			runOnlyForDeploymentPostprocessing = 0;
		};
		77887278264A64AE00B922D4 /* Resources */ = {
			isa = PBXResourcesBuildPhase;
			buildActionMask = 2147483647;
			files = (
			);
			runOnlyForDeploymentPostprocessing = 0;
		};
/* End PBXResourcesBuildPhase section */

/* Begin PBXSourcesBuildPhase section */
		77887255264A64AC00B922D4 /* Sources */ = {
			isa = PBXSourcesBuildPhase;
			buildActionMask = 2147483647;
			files = (
				342FA559265BB47800663BB2 /* DeveloperpickViewController.swift in Sources */,
				77887261264A64AC00B922D4 /* ViewController.swift in Sources */,
				7788725D264A64AC00B922D4 /* AppDelegate.swift in Sources */,
				342FA58D265BF00200663BB2 /* Hospital.swift in Sources */,
				7788725F264A64AC00B922D4 /* SceneDelegate.swift in Sources */,
				342FA58E265BF00200663BB2 /* HospitalTableViewController.swift in Sources */,
				342FA58F265BF00200663BB2 /* MapViewController.swift in Sources */,
			);
			runOnlyForDeploymentPostprocessing = 0;
		};
		7788726B264A64AE00B922D4 /* Sources */ = {
			isa = PBXSourcesBuildPhase;
			buildActionMask = 2147483647;
			files = (
				77887274264A64AE00B922D4 /* SGP_WhereIGoTests.swift in Sources */,
			);
			runOnlyForDeploymentPostprocessing = 0;
		};
		77887276264A64AE00B922D4 /* Sources */ = {
			isa = PBXSourcesBuildPhase;
			buildActionMask = 2147483647;
			files = (
				7788727F264A64AE00B922D4 /* SGP_WhereIGoUITests.swift in Sources */,
			);
			runOnlyForDeploymentPostprocessing = 0;
		};
/* End PBXSourcesBuildPhase section */

/* Begin PBXTargetDependency section */
		77887271264A64AE00B922D4 /* PBXTargetDependency */ = {
			isa = PBXTargetDependency;
			target = 77887258264A64AC00B922D4 /* SGP_WhereIGo */;
			targetProxy = 77887270264A64AE00B922D4 /* PBXContainerItemProxy */;
		};
		7788727C264A64AE00B922D4 /* PBXTargetDependency */ = {
			isa = PBXTargetDependency;
			target = 77887258264A64AC00B922D4 /* SGP_WhereIGo */;
			targetProxy = 7788727B264A64AE00B922D4 /* PBXContainerItemProxy */;
		};
/* End PBXTargetDependency section */

/* Begin PBXVariantGroup section */
		77887262264A64AC00B922D4 /* Main.storyboard */ = {
			isa = PBXVariantGroup;
			children = (
				77887263264A64AC00B922D4 /* Base */,
			);
			name = Main.storyboard;
			sourceTree = "<group>";
		};
		77887267264A64AE00B922D4 /* LaunchScreen.storyboard */ = {
			isa = PBXVariantGroup;
			children = (
				77887268264A64AE00B922D4 /* Base */,
			);
			name = LaunchScreen.storyboard;
			sourceTree = "<group>";
		};
/* End PBXVariantGroup section */

/* Begin XCBuildConfiguration section */
		77887281264A64AE00B922D4 /* Debug */ = {
			isa = XCBuildConfiguration;
			buildSettings = {
				ALWAYS_SEARCH_USER_PATHS = NO;
				CLANG_ANALYZER_NONNULL = YES;
				CLANG_ANALYZER_NUMBER_OBJECT_CONVERSION = YES_AGGRESSIVE;
				CLANG_CXX_LANGUAGE_STANDARD = "gnu++14";
				CLANG_CXX_LIBRARY = "libc++";
				CLANG_ENABLE_MODULES = YES;
				CLANG_ENABLE_OBJC_ARC = YES;
				CLANG_ENABLE_OBJC_WEAK = YES;
				CLANG_WARN_BLOCK_CAPTURE_AUTORELEASING = YES;
				CLANG_WARN_BOOL_CONVERSION = YES;
				CLANG_WARN_COMMA = YES;
				CLANG_WARN_CONSTANT_CONVERSION = YES;
				CLANG_WARN_DEPRECATED_OBJC_IMPLEMENTATIONS = YES;
				CLANG_WARN_DIRECT_OBJC_ISA_USAGE = YES_ERROR;
				CLANG_WARN_DOCUMENTATION_COMMENTS = YES;
				CLANG_WARN_EMPTY_BODY = YES;
				CLANG_WARN_ENUM_CONVERSION = YES;
				CLANG_WARN_INFINITE_RECURSION = YES;
				CLANG_WARN_INT_CONVERSION = YES;
				CLANG_WARN_NON_LITERAL_NULL_CONVERSION = YES;
				CLANG_WARN_OBJC_IMPLICIT_RETAIN_SELF = YES;
				CLANG_WARN_OBJC_LITERAL_CONVERSION = YES;
				CLANG_WARN_OBJC_ROOT_CLASS = YES_ERROR;
				CLANG_WARN_QUOTED_INCLUDE_IN_FRAMEWORK_HEADER = YES;
				CLANG_WARN_RANGE_LOOP_ANALYSIS = YES;
				CLANG_WARN_STRICT_PROTOTYPES = YES;
				CLANG_WARN_SUSPICIOUS_MOVE = YES;
				CLANG_WARN_UNGUARDED_AVAILABILITY = YES_AGGRESSIVE;
				CLANG_WARN_UNREACHABLE_CODE = YES;
				CLANG_WARN__DUPLICATE_METHOD_MATCH = YES;
				COPY_PHASE_STRIP = NO;
				DEBUG_INFORMATION_FORMAT = dwarf;
				ENABLE_STRICT_OBJC_MSGSEND = YES;
				ENABLE_TESTABILITY = YES;
				GCC_C_LANGUAGE_STANDARD = gnu11;
				GCC_DYNAMIC_NO_PIC = NO;
				GCC_NO_COMMON_BLOCKS = YES;
				GCC_OPTIMIZATION_LEVEL = 0;
				GCC_PREPROCESSOR_DEFINITIONS = (
					"DEBUG=1",
					"$(inherited)",
				);
				GCC_WARN_64_TO_32_BIT_CONVERSION = YES;
				GCC_WARN_ABOUT_RETURN_TYPE = YES_ERROR;
				GCC_WARN_UNDECLARED_SELECTOR = YES;
				GCC_WARN_UNINITIALIZED_AUTOS = YES_AGGRESSIVE;
				GCC_WARN_UNUSED_FUNCTION = YES;
				GCC_WARN_UNUSED_VARIABLE = YES;
				IPHONEOS_DEPLOYMENT_TARGET = 14.4;
				MTL_ENABLE_DEBUG_INFO = INCLUDE_SOURCE;
				MTL_FAST_MATH = YES;
				ONLY_ACTIVE_ARCH = YES;
				SDKROOT = iphoneos;
				SWIFT_ACTIVE_COMPILATION_CONDITIONS = DEBUG;
				SWIFT_OPTIMIZATION_LEVEL = "-Onone";
			};
			name = Debug;
		};
		77887282264A64AE00B922D4 /* Release */ = {
			isa = XCBuildConfiguration;
			buildSettings = {
				ALWAYS_SEARCH_USER_PATHS = NO;
				CLANG_ANALYZER_NONNULL = YES;
				CLANG_ANALYZER_NUMBER_OBJECT_CONVERSION = YES_AGGRESSIVE;
				CLANG_CXX_LANGUAGE_STANDARD = "gnu++14";
				CLANG_CXX_LIBRARY = "libc++";
				CLANG_ENABLE_MODULES = YES;
				CLANG_ENABLE_OBJC_ARC = YES;
				CLANG_ENABLE_OBJC_WEAK = YES;
				CLANG_WARN_BLOCK_CAPTURE_AUTORELEASING = YES;
				CLANG_WARN_BOOL_CONVERSION = YES;
				CLANG_WARN_COMMA = YES;
				CLANG_WARN_CONSTANT_CONVERSION = YES;
				CLANG_WARN_DEPRECATED_OBJC_IMPLEMENTATIONS = YES;
				CLANG_WARN_DIRECT_OBJC_ISA_USAGE = YES_ERROR;
				CLANG_WARN_DOCUMENTATION_COMMENTS = YES;
				CLANG_WARN_EMPTY_BODY = YES;
				CLANG_WARN_ENUM_CONVERSION = YES;
				CLANG_WARN_INFINITE_RECURSION = YES;
				CLANG_WARN_INT_CONVERSION = YES;
				CLANG_WARN_NON_LITERAL_NULL_CONVERSION = YES;
				CLANG_WARN_OBJC_IMPLICIT_RETAIN_SELF = YES;
				CLANG_WARN_OBJC_LITERAL_CONVERSION = YES;
				CLANG_WARN_OBJC_ROOT_CLASS = YES_ERROR;
				CLANG_WARN_QUOTED_INCLUDE_IN_FRAMEWORK_HEADER = YES;
				CLANG_WARN_RANGE_LOOP_ANALYSIS = YES;
				CLANG_WARN_STRICT_PROTOTYPES = YES;
				CLANG_WARN_SUSPICIOUS_MOVE = YES;
				CLANG_WARN_UNGUARDED_AVAILABILITY = YES_AGGRESSIVE;
				CLANG_WARN_UNREACHABLE_CODE = YES;
				CLANG_WARN__DUPLICATE_METHOD_MATCH = YES;
				COPY_PHASE_STRIP = NO;
				DEBUG_INFORMATION_FORMAT = "dwarf-with-dsym";
				ENABLE_NS_ASSERTIONS = NO;
				ENABLE_STRICT_OBJC_MSGSEND = YES;
				GCC_C_LANGUAGE_STANDARD = gnu11;
				GCC_NO_COMMON_BLOCKS = YES;
				GCC_WARN_64_TO_32_BIT_CONVERSION = YES;
				GCC_WARN_ABOUT_RETURN_TYPE = YES_ERROR;
				GCC_WARN_UNDECLARED_SELECTOR = YES;
				GCC_WARN_UNINITIALIZED_AUTOS = YES_AGGRESSIVE;
				GCC_WARN_UNUSED_FUNCTION = YES;
				GCC_WARN_UNUSED_VARIABLE = YES;
				IPHONEOS_DEPLOYMENT_TARGET = 14.4;
				MTL_ENABLE_DEBUG_INFO = NO;
				MTL_FAST_MATH = YES;
				SDKROOT = iphoneos;
				SWIFT_COMPILATION_MODE = wholemodule;
				SWIFT_OPTIMIZATION_LEVEL = "-O";
				VALIDATE_PRODUCT = YES;
			};
			name = Release;
		};
		77887284264A64AE00B922D4 /* Debug */ = {
			isa = XCBuildConfiguration;
			buildSettings = {
				ASSETCATALOG_COMPILER_APPICON_NAME = AppIcon;
				ASSETCATALOG_COMPILER_GLOBAL_ACCENT_COLOR_NAME = AccentColor;
				CODE_SIGN_STYLE = Automatic;
				DEVELOPMENT_TEAM = 48578762GJ;
				INFOPLIST_FILE = SGP_WhereIGo/Info.plist;
				LD_RUNPATH_SEARCH_PATHS = (
					"$(inherited)",
					"@executable_path/Frameworks",
				);
				PRODUCT_BUNDLE_IDENTIFIER = "-016180016.SGP-WhereIGo";
				PRODUCT_NAME = "$(TARGET_NAME)";
				SWIFT_VERSION = 5.0;
				TARGETED_DEVICE_FAMILY = "1,2";
			};
			name = Debug;
		};
		77887285264A64AE00B922D4 /* Release */ = {
			isa = XCBuildConfiguration;
			buildSettings = {
				ASSETCATALOG_COMPILER_APPICON_NAME = AppIcon;
				ASSETCATALOG_COMPILER_GLOBAL_ACCENT_COLOR_NAME = AccentColor;
				CODE_SIGN_STYLE = Automatic;
				DEVELOPMENT_TEAM = 48578762GJ;
				INFOPLIST_FILE = SGP_WhereIGo/Info.plist;
				LD_RUNPATH_SEARCH_PATHS = (
					"$(inherited)",
					"@executable_path/Frameworks",
				);
				PRODUCT_BUNDLE_IDENTIFIER = "-016180016.SGP-WhereIGo";
				PRODUCT_NAME = "$(TARGET_NAME)";
				SWIFT_VERSION = 5.0;
				TARGETED_DEVICE_FAMILY = "1,2";
			};
			name = Release;
		};
		77887287264A64AE00B922D4 /* Debug */ = {
			isa = XCBuildConfiguration;
			buildSettings = {
				ALWAYS_EMBED_SWIFT_STANDARD_LIBRARIES = YES;
				BUNDLE_LOADER = "$(TEST_HOST)";
				CODE_SIGN_STYLE = Automatic;
				DEVELOPMENT_TEAM = 48578762GJ;
				INFOPLIST_FILE = SGP_WhereIGoTests/Info.plist;
				IPHONEOS_DEPLOYMENT_TARGET = 14.4;
				LD_RUNPATH_SEARCH_PATHS = (
					"$(inherited)",
					"@executable_path/Frameworks",
					"@loader_path/Frameworks",
				);
				PRODUCT_BUNDLE_IDENTIFIER = "-016180016.SGP-WhereIGoTests";
				PRODUCT_NAME = "$(TARGET_NAME)";
				SWIFT_VERSION = 5.0;
				TARGETED_DEVICE_FAMILY = "1,2";
				TEST_HOST = "$(BUILT_PRODUCTS_DIR)/SGP_WhereIGo.app/SGP_WhereIGo";
			};
			name = Debug;
		};
		77887288264A64AE00B922D4 /* Release */ = {
			isa = XCBuildConfiguration;
			buildSettings = {
				ALWAYS_EMBED_SWIFT_STANDARD_LIBRARIES = YES;
				BUNDLE_LOADER = "$(TEST_HOST)";
				CODE_SIGN_STYLE = Automatic;
				DEVELOPMENT_TEAM = 48578762GJ;
				INFOPLIST_FILE = SGP_WhereIGoTests/Info.plist;
				IPHONEOS_DEPLOYMENT_TARGET = 14.4;
				LD_RUNPATH_SEARCH_PATHS = (
					"$(inherited)",
					"@executable_path/Frameworks",
					"@loader_path/Frameworks",
				);
				PRODUCT_BUNDLE_IDENTIFIER = "-016180016.SGP-WhereIGoTests";
				PRODUCT_NAME = "$(TARGET_NAME)";
				SWIFT_VERSION = 5.0;
				TARGETED_DEVICE_FAMILY = "1,2";
				TEST_HOST = "$(BUILT_PRODUCTS_DIR)/SGP_WhereIGo.app/SGP_WhereIGo";
			};
			name = Release;
		};
		7788728A264A64AE00B922D4 /* Debug */ = {
			isa = XCBuildConfiguration;
			buildSettings = {
				ALWAYS_EMBED_SWIFT_STANDARD_LIBRARIES = YES;
				CODE_SIGN_STYLE = Automatic;
				DEVELOPMENT_TEAM = 48578762GJ;
				INFOPLIST_FILE = SGP_WhereIGoUITests/Info.plist;
				LD_RUNPATH_SEARCH_PATHS = (
					"$(inherited)",
					"@executable_path/Frameworks",
					"@loader_path/Frameworks",
				);
				PRODUCT_BUNDLE_IDENTIFIER = "-016180016.SGP-WhereIGoUITests";
				PRODUCT_NAME = "$(TARGET_NAME)";
				SWIFT_VERSION = 5.0;
				TARGETED_DEVICE_FAMILY = "1,2";
				TEST_TARGET_NAME = SGP_WhereIGo;
			};
			name = Debug;
		};
		7788728B264A64AE00B922D4 /* Release */ = {
			isa = XCBuildConfiguration;
			buildSettings = {
				ALWAYS_EMBED_SWIFT_STANDARD_LIBRARIES = YES;
				CODE_SIGN_STYLE = Automatic;
				DEVELOPMENT_TEAM = 48578762GJ;
				INFOPLIST_FILE = SGP_WhereIGoUITests/Info.plist;
				LD_RUNPATH_SEARCH_PATHS = (
					"$(inherited)",
					"@executable_path/Frameworks",
					"@loader_path/Frameworks",
				);
				PRODUCT_BUNDLE_IDENTIFIER = "-016180016.SGP-WhereIGoUITests";
				PRODUCT_NAME = "$(TARGET_NAME)";
				SWIFT_VERSION = 5.0;
				TARGETED_DEVICE_FAMILY = "1,2";
				TEST_TARGET_NAME = SGP_WhereIGo;
			};
			name = Release;
		};
/* End XCBuildConfiguration section */

/* Begin XCConfigurationList section */
		77887254264A64AC00B922D4 /* Build configuration list for PBXProject "SGP_WhereIGo" */ = {
			isa = XCConfigurationList;
			buildConfigurations = (
				77887281264A64AE00B922D4 /* Debug */,
				77887282264A64AE00B922D4 /* Release */,
			);
			defaultConfigurationIsVisible = 0;
			defaultConfigurationName = Release;
		};
		77887283264A64AE00B922D4 /* Build configuration list for PBXNativeTarget "SGP_WhereIGo" */ = {
			isa = XCConfigurationList;
			buildConfigurations = (
				77887284264A64AE00B922D4 /* Debug */,
				77887285264A64AE00B922D4 /* Release */,
			);
			defaultConfigurationIsVisible = 0;
			defaultConfigurationName = Release;
		};
		77887286264A64AE00B922D4 /* Build configuration list for PBXNativeTarget "SGP_WhereIGoTests" */ = {
			isa = XCConfigurationList;
			buildConfigurations = (
				77887287264A64AE00B922D4 /* Debug */,
				77887288264A64AE00B922D4 /* Release */,
			);
			defaultConfigurationIsVisible = 0;
			defaultConfigurationName = Release;
		};
		77887289264A64AE00B922D4 /* Build configuration list for PBXNativeTarget "SGP_WhereIGoUITests" */ = {
			isa = XCConfigurationList;
			buildConfigurations = (
				7788728A264A64AE00B922D4 /* Debug */,
				7788728B264A64AE00B922D4 /* Release */,
			);
			defaultConfigurationIsVisible = 0;
			defaultConfigurationName = Release;
		};
/* End XCConfigurationList section */
	};
	rootObject = 77887251264A64AC00B922D4 /* Project object */;
}
