// !$*UTF8*$!
{
	archiveVersion = 1;
	classes = {
	};
	objectVersion = 50;
	objects = {

/* Begin PBXBuildFile section */
		771AF726265BC962008DA833 /* cafe1.png in Resources */ = {isa = PBXBuildFile; fileRef = 771AF716265BC962008DA833 /* cafe1.png */; };
		771AF727265BC962008DA833 /* photo1.jpeg in Resources */ = {isa = PBXBuildFile; fileRef = 771AF717265BC962008DA833 /* photo1.jpeg */; };
		771AF728265BC962008DA833 /* title.png in Resources */ = {isa = PBXBuildFile; fileRef = 771AF718265BC962008DA833 /* title.png */; };
		771AF729265BC962008DA833 /* hospital1.png in Resources */ = {isa = PBXBuildFile; fileRef = 771AF719265BC962008DA833 /* hospital1.png */; };
		771AF72A265BC962008DA833 /* etc1.png in Resources */ = {isa = PBXBuildFile; fileRef = 771AF71A265BC962008DA833 /* etc1.png */; };
		771AF72B265BC962008DA833 /* juyoso1.jpeg in Resources */ = {isa = PBXBuildFile; fileRef = 771AF71B265BC962008DA833 /* juyoso1.jpeg */; };
		771AF72C265BC962008DA833 /* mic1.png in Resources */ = {isa = PBXBuildFile; fileRef = 771AF71C265BC962008DA833 /* mic1.png */; };
		771AF72D265BC962008DA833 /* food1.png in Resources */ = {isa = PBXBuildFile; fileRef = 771AF71D265BC962008DA833 /* food1.png */; };
		771AF72E265BC962008DA833 /* photo4.jpeg in Resources */ = {isa = PBXBuildFile; fileRef = 771AF71E265BC962008DA833 /* photo4.jpeg */; };
		771AF72F265BC962008DA833 /* bookmark.jpeg in Resources */ = {isa = PBXBuildFile; fileRef = 771AF71F265BC962008DA833 /* bookmark.jpeg */; };
		771AF730265BC962008DA833 /* hotel1.png in Resources */ = {isa = PBXBuildFile; fileRef = 771AF720265BC962008DA833 /* hotel1.png */; };
		771AF731265BC962008DA833 /* park1.jpeg in Resources */ = {isa = PBXBuildFile; fileRef = 771AF721265BC962008DA833 /* park1.jpeg */; };
		771AF732265BC962008DA833 /* photo2.jpeg in Resources */ = {isa = PBXBuildFile; fileRef = 771AF722265BC962008DA833 /* photo2.jpeg */; };
		771AF733265BC962008DA833 /* paramacy1.png in Resources */ = {isa = PBXBuildFile; fileRef = 771AF723265BC962008DA833 /* paramacy1.png */; };
		771AF734265BC962008DA833 /* bank1.jpeg in Resources */ = {isa = PBXBuildFile; fileRef = 771AF724265BC962008DA833 /* bank1.jpeg */; };
		771AF735265BC962008DA833 /* photo3.jpeg in Resources */ = {isa = PBXBuildFile; fileRef = 771AF725265BC962008DA833 /* photo3.jpeg */; };
		771AF737265BD20F008DA833 /* DeveloperPick.swift in Sources */ = {isa = PBXBuildFile; fileRef = 771AF736265BD20F008DA833 /* DeveloperPick.swift */; };
		771AF73D265BF86B008DA833 /* Object.swift in Sources */ = {isa = PBXBuildFile; fileRef = 771AF73C265BF86B008DA833 /* Object.swift */; };
		77A5B3592624086A004DC1B2 /* AppDelegate.swift in Sources */ = {isa = PBXBuildFile; fileRef = 77A5B3582624086A004DC1B2 /* AppDelegate.swift */; };
		77A5B35B2624086A004DC1B2 /* SceneDelegate.swift in Sources */ = {isa = PBXBuildFile; fileRef = 77A5B35A2624086A004DC1B2 /* SceneDelegate.swift */; };
		77A5B35D2624086A004DC1B2 /* ViewController.swift in Sources */ = {isa = PBXBuildFile; fileRef = 77A5B35C2624086A004DC1B2 /* ViewController.swift */; };
		77A5B3602624086A004DC1B2 /* Main.storyboard in Resources */ = {isa = PBXBuildFile; fileRef = 77A5B35E2624086A004DC1B2 /* Main.storyboard */; };
		77A5B3622624086B004DC1B2 /* Assets.xcassets in Resources */ = {isa = PBXBuildFile; fileRef = 77A5B3612624086B004DC1B2 /* Assets.xcassets */; };
		77A5B3652624086B004DC1B2 /* LaunchScreen.storyboard in Resources */ = {isa = PBXBuildFile; fileRef = 77A5B3632624086B004DC1B2 /* LaunchScreen.storyboard */; };
		77A5B3912624133C004DC1B2 /* Parsing_Radius.swift in Sources */ = {isa = PBXBuildFile; fileRef = 77A5B3902624133C004DC1B2 /* Parsing_Radius.swift */; };
		77EDA7DD262EAEAA00F38033 /* Parsing_Detail.swift in Sources */ = {isa = PBXBuildFile; fileRef = 77EDA7DC262EAEAA00F38033 /* Parsing_Detail.swift */; };
/* End PBXBuildFile section */

/* Begin PBXContainerItemProxy section */
		77A5B36C2624086B004DC1B2 /* PBXContainerItemProxy */ = {
			isa = PBXContainerItemProxy;
			containerPortal = 77A5B34D2624086A004DC1B2 /* Project object */;
			proxyType = 1;
			remoteGlobalIDString = 77A5B3542624086A004DC1B2;
			remoteInfo = XMLParsingDemo;
		};
		77A5B3772624086B004DC1B2 /* PBXContainerItemProxy */ = {
			isa = PBXContainerItemProxy;
			containerPortal = 77A5B34D2624086A004DC1B2 /* Project object */;
			proxyType = 1;
			remoteGlobalIDString = 77A5B3542624086A004DC1B2;
			remoteInfo = XMLParsingDemo;
		};
/* End PBXContainerItemProxy section */

/* Begin PBXFileReference section */
		771AF712265B95FB008DA833 /* SGP_WhereIGo.app */ = {isa = PBXFileReference; explicitFileType = wrapper.application; includeInIndex = 0; path = SGP_WhereIGo.app; sourceTree = BUILT_PRODUCTS_DIR; };
		771AF716265BC962008DA833 /* cafe1.png */ = {isa = PBXFileReference; lastKnownFileType = image.png; path = cafe1.png; sourceTree = "<group>"; };
		771AF717265BC962008DA833 /* photo1.jpeg */ = {isa = PBXFileReference; lastKnownFileType = image.jpeg; path = photo1.jpeg; sourceTree = "<group>"; };
		771AF718265BC962008DA833 /* title.png */ = {isa = PBXFileReference; lastKnownFileType = image.png; path = title.png; sourceTree = "<group>"; };
		771AF719265BC962008DA833 /* hospital1.png */ = {isa = PBXFileReference; lastKnownFileType = image.png; path = hospital1.png; sourceTree = "<group>"; };
		771AF71A265BC962008DA833 /* etc1.png */ = {isa = PBXFileReference; lastKnownFileType = image.png; path = etc1.png; sourceTree = "<group>"; };
		771AF71B265BC962008DA833 /* juyoso1.jpeg */ = {isa = PBXFileReference; lastKnownFileType = image.jpeg; path = juyoso1.jpeg; sourceTree = "<group>"; };
		771AF71C265BC962008DA833 /* mic1.png */ = {isa = PBXFileReference; lastKnownFileType = image.png; path = mic1.png; sourceTree = "<group>"; };
		771AF71D265BC962008DA833 /* food1.png */ = {isa = PBXFileReference; lastKnownFileType = image.png; path = food1.png; sourceTree = "<group>"; };
		771AF71E265BC962008DA833 /* photo4.jpeg */ = {isa = PBXFileReference; lastKnownFileType = image.jpeg; path = photo4.jpeg; sourceTree = "<group>"; };
		771AF71F265BC962008DA833 /* bookmark.jpeg */ = {isa = PBXFileReference; lastKnownFileType = image.jpeg; path = bookmark.jpeg; sourceTree = "<group>"; };
		771AF720265BC962008DA833 /* hotel1.png */ = {isa = PBXFileReference; lastKnownFileType = image.png; path = hotel1.png; sourceTree = "<group>"; };
		771AF721265BC962008DA833 /* park1.jpeg */ = {isa = PBXFileReference; lastKnownFileType = image.jpeg; path = park1.jpeg; sourceTree = "<group>"; };
		771AF722265BC962008DA833 /* photo2.jpeg */ = {isa = PBXFileReference; lastKnownFileType = image.jpeg; path = photo2.jpeg; sourceTree = "<group>"; };
		771AF723265BC962008DA833 /* paramacy1.png */ = {isa = PBXFileReference; lastKnownFileType = image.png; path = paramacy1.png; sourceTree = "<group>"; };
		771AF724265BC962008DA833 /* bank1.jpeg */ = {isa = PBXFileReference; lastKnownFileType = image.jpeg; path = bank1.jpeg; sourceTree = "<group>"; };
		771AF725265BC962008DA833 /* photo3.jpeg */ = {isa = PBXFileReference; lastKnownFileType = image.jpeg; path = photo3.jpeg; sourceTree = "<group>"; };
		771AF736265BD20F008DA833 /* DeveloperPick.swift */ = {isa = PBXFileReference; lastKnownFileType = sourcecode.swift; path = DeveloperPick.swift; sourceTree = "<group>"; };
		771AF738265BF764008DA833 /* SGP_WhereIGoTests.xctest */ = {isa = PBXFileReference; explicitFileType = wrapper.cfbundle; includeInIndex = 0; path = SGP_WhereIGoTests.xctest; sourceTree = BUILT_PRODUCTS_DIR; };
		771AF739265BF764008DA833 /* SGP_WhereIGoUITests.xctest */ = {isa = PBXFileReference; explicitFileType = wrapper.cfbundle; includeInIndex = 0; path = SGP_WhereIGoUITests.xctest; sourceTree = BUILT_PRODUCTS_DIR; };
		771AF73C265BF86B008DA833 /* Object.swift */ = {isa = PBXFileReference; lastKnownFileType = sourcecode.swift; path = Object.swift; sourceTree = "<group>"; };
		77A5B3582624086A004DC1B2 /* AppDelegate.swift */ = {isa = PBXFileReference; lastKnownFileType = sourcecode.swift; path = AppDelegate.swift; sourceTree = "<group>"; };
		77A5B35A2624086A004DC1B2 /* SceneDelegate.swift */ = {isa = PBXFileReference; lastKnownFileType = sourcecode.swift; path = SceneDelegate.swift; sourceTree = "<group>"; };
		77A5B35C2624086A004DC1B2 /* ViewController.swift */ = {isa = PBXFileReference; lastKnownFileType = sourcecode.swift; path = ViewController.swift; sourceTree = "<group>"; };
		77A5B35F2624086A004DC1B2 /* Base */ = {isa = PBXFileReference; lastKnownFileType = file.storyboard; name = Base; path = Base.lproj/Main.storyboard; sourceTree = "<group>"; };
		77A5B3612624086B004DC1B2 /* Assets.xcassets */ = {isa = PBXFileReference; lastKnownFileType = folder.assetcatalog; path = Assets.xcassets; sourceTree = "<group>"; };
		77A5B3642624086B004DC1B2 /* Base */ = {isa = PBXFileReference; lastKnownFileType = file.storyboard; name = Base; path = Base.lproj/LaunchScreen.storyboard; sourceTree = "<group>"; };
		77A5B3662624086B004DC1B2 /* SGP_WhereIGo.xcodeproj */ = {isa = PBXFileReference; lastKnownFileType = "wrapper.pb-project"; name = SGP_WhereIGo.xcodeproj; path = ../SGP_WhereIGo.xcodeproj; sourceTree = "<group>"; };
		77A5B3902624133C004DC1B2 /* Parsing_Radius.swift */ = {isa = PBXFileReference; fileEncoding = 4; lastKnownFileType = sourcecode.swift; path = Parsing_Radius.swift; sourceTree = "<group>"; };
		77EDA7DC262EAEAA00F38033 /* Parsing_Detail.swift */ = {isa = PBXFileReference; fileEncoding = 4; lastKnownFileType = sourcecode.swift; path = Parsing_Detail.swift; sourceTree = "<group>"; };
/* End PBXFileReference section */

/* Begin PBXFrameworksBuildPhase section */
		77A5B3522624086A004DC1B2 /* Frameworks */ = {
			isa = PBXFrameworksBuildPhase;
			buildActionMask = 2147483647;
			files = (
			);
			runOnlyForDeploymentPostprocessing = 0;
		};
		77A5B3682624086B004DC1B2 /* Frameworks */ = {
			isa = PBXFrameworksBuildPhase;
			buildActionMask = 2147483647;
			files = (
			);
			runOnlyForDeploymentPostprocessing = 0;
		};
		77A5B3732624086B004DC1B2 /* Frameworks */ = {
			isa = PBXFrameworksBuildPhase;
			buildActionMask = 2147483647;
			files = (
			);
			runOnlyForDeploymentPostprocessing = 0;
		};
/* End PBXFrameworksBuildPhase section */

/* Begin PBXGroup section */
		771AF715265BC962008DA833 /* Image */ = {
			isa = PBXGroup;
			children = (
				771AF716265BC962008DA833 /* cafe1.png */,
				771AF717265BC962008DA833 /* photo1.jpeg */,
				771AF718265BC962008DA833 /* title.png */,
				771AF719265BC962008DA833 /* hospital1.png */,
				771AF71A265BC962008DA833 /* etc1.png */,
				771AF71B265BC962008DA833 /* juyoso1.jpeg */,
				771AF71C265BC962008DA833 /* mic1.png */,
				771AF71D265BC962008DA833 /* food1.png */,
				771AF71E265BC962008DA833 /* photo4.jpeg */,
				771AF71F265BC962008DA833 /* bookmark.jpeg */,
				771AF720265BC962008DA833 /* hotel1.png */,
				771AF721265BC962008DA833 /* park1.jpeg */,
				771AF722265BC962008DA833 /* photo2.jpeg */,
				771AF723265BC962008DA833 /* paramacy1.png */,
				771AF724265BC962008DA833 /* bank1.jpeg */,
				771AF725265BC962008DA833 /* photo3.jpeg */,
			);
			path = Image;
			sourceTree = "<group>";
		};
		771AF73A265BF764008DA833 /* Products */ = {
			isa = PBXGroup;
			name = Products;
			sourceTree = "<group>";
		};
		77A5B34C2624086A004DC1B2 = {
			isa = PBXGroup;
			children = (
				771AF715265BC962008DA833 /* Image */,
				77A5B3572624086A004DC1B2 /* SGP_WhereIGo */,
				771AF712265B95FB008DA833 /* SGP_WhereIGo.app */,
				771AF738265BF764008DA833 /* SGP_WhereIGoTests.xctest */,
				771AF739265BF764008DA833 /* SGP_WhereIGoUITests.xctest */,
			);
			sourceTree = "<group>";
		};
		77A5B3572624086A004DC1B2 /* SGP_WhereIGo */ = {
			isa = PBXGroup;
			children = (
				77EDA7DC262EAEAA00F38033 /* Parsing_Detail.swift */,
				77A5B3902624133C004DC1B2 /* Parsing_Radius.swift */,
				77A5B3582624086A004DC1B2 /* AppDelegate.swift */,
				77A5B35A2624086A004DC1B2 /* SceneDelegate.swift */,
				77A5B35C2624086A004DC1B2 /* ViewController.swift */,
				77A5B35E2624086A004DC1B2 /* Main.storyboard */,
				77A5B3612624086B004DC1B2 /* Assets.xcassets */,
				77A5B3632624086B004DC1B2 /* LaunchScreen.storyboard */,
				77A5B3662624086B004DC1B2 /* SGP_WhereIGo.xcodeproj */,
				771AF736265BD20F008DA833 /* DeveloperPick.swift */,
				771AF73C265BF86B008DA833 /* Object.swift */,
			);
			path = SGP_WhereIGo;
			sourceTree = "<group>";
		};
/* End PBXGroup section */

/* Begin PBXNativeTarget section */
		77A5B3542624086A004DC1B2 /* SGP_WhereIGo */ = {
			isa = PBXNativeTarget;
			buildConfigurationList = 77A5B37F2624086B004DC1B2 /* Build configuration list for PBXNativeTarget "SGP_WhereIGo" */;
			buildPhases = (
				77A5B3512624086A004DC1B2 /* Sources */,
				77A5B3522624086A004DC1B2 /* Frameworks */,
				77A5B3532624086A004DC1B2 /* Resources */,
			);
			buildRules = (
			);
			dependencies = (
			);
			name = SGP_WhereIGo;
			productName = XMLParsingDemo;
			productReference = 771AF712265B95FB008DA833 /* SGP_WhereIGo.app */;
			productType = "com.apple.product-type.application";
		};
		77A5B36A2624086B004DC1B2 /* SGP_WhereIGoTests */ = {
			isa = PBXNativeTarget;
			buildConfigurationList = 77A5B3822624086B004DC1B2 /* Build configuration list for PBXNativeTarget "SGP_WhereIGoTests" */;
			buildPhases = (
				77A5B3672624086B004DC1B2 /* Sources */,
				77A5B3682624086B004DC1B2 /* Frameworks */,
				77A5B3692624086B004DC1B2 /* Resources */,
			);
			buildRules = (
			);
			dependencies = (
				77A5B36D2624086B004DC1B2 /* PBXTargetDependency */,
			);
			name = SGP_WhereIGoTests;
			productName = XMLParsingDemoTests;
			productReference = 771AF738265BF764008DA833 /* SGP_WhereIGoTests.xctest */;
			productType = "com.apple.product-type.bundle.unit-test";
		};
		77A5B3752624086B004DC1B2 /* SGP_WhereIGoUITests */ = {
			isa = PBXNativeTarget;
			buildConfigurationList = 77A5B3852624086B004DC1B2 /* Build configuration list for PBXNativeTarget "SGP_WhereIGoUITests" */;
			buildPhases = (
				77A5B3722624086B004DC1B2 /* Sources */,
				77A5B3732624086B004DC1B2 /* Frameworks */,
				77A5B3742624086B004DC1B2 /* Resources */,
			);
			buildRules = (
			);
			dependencies = (
				77A5B3782624086B004DC1B2 /* PBXTargetDependency */,
			);
			name = SGP_WhereIGoUITests;
			productName = XMLParsingDemoUITests;
			productReference = 771AF739265BF764008DA833 /* SGP_WhereIGoUITests.xctest */;
			productType = "com.apple.product-type.bundle.ui-testing";
		};
/* End PBXNativeTarget section */

/* Begin PBXProject section */
		77A5B34D2624086A004DC1B2 /* Project object */ = {
			isa = PBXProject;
			attributes = {
				LastSwiftUpdateCheck = 1240;
				LastUpgradeCheck = 1240;
				TargetAttributes = {
					77A5B3542624086A004DC1B2 = {
						CreatedOnToolsVersion = 12.4;
					};
					77A5B36A2624086B004DC1B2 = {
						CreatedOnToolsVersion = 12.4;
						TestTargetID = 77A5B3542624086A004DC1B2;
					};
					77A5B3752624086B004DC1B2 = {
						CreatedOnToolsVersion = 12.4;
						TestTargetID = 77A5B3542624086A004DC1B2;
					};
				};
			};
			buildConfigurationList = 77A5B3502624086A004DC1B2 /* Build configuration list for PBXProject "SGP_WhereIGo" */;
			compatibilityVersion = "Xcode 9.3";
			developmentRegion = en;
			hasScannedForEncodings = 0;
			knownRegions = (
				en,
				Base,
			);
			mainGroup = 77A5B34C2624086A004DC1B2;
			productRefGroup = 77A5B34C2624086A004DC1B2;
			projectDirPath = "";
			projectReferences = (
				{
					ProductGroup = 771AF73A265BF764008DA833 /* Products */;
					ProjectRef = 77A5B3662624086B004DC1B2 /* SGP_WhereIGo.xcodeproj */;
				},
			);
			projectRoot = "";
			targets = (
				77A5B3542624086A004DC1B2 /* SGP_WhereIGo */,
				77A5B36A2624086B004DC1B2 /* SGP_WhereIGoTests */,
				77A5B3752624086B004DC1B2 /* SGP_WhereIGoUITests */,
			);
		};
/* End PBXProject section */

/* Begin PBXResourcesBuildPhase section */
		77A5B3532624086A004DC1B2 /* Resources */ = {
			isa = PBXResourcesBuildPhase;
			buildActionMask = 2147483647;
			files = (
				771AF733265BC962008DA833 /* paramacy1.png in Resources */,
				771AF72A265BC962008DA833 /* etc1.png in Resources */,
				771AF72C265BC962008DA833 /* mic1.png in Resources */,
				771AF735265BC962008DA833 /* photo3.jpeg in Resources */,
				771AF730265BC962008DA833 /* hotel1.png in Resources */,
				771AF72B265BC962008DA833 /* juyoso1.jpeg in Resources */,
				771AF729265BC962008DA833 /* hospital1.png in Resources */,
				771AF731265BC962008DA833 /* park1.jpeg in Resources */,
				771AF734265BC962008DA833 /* bank1.jpeg in Resources */,
				771AF726265BC962008DA833 /* cafe1.png in Resources */,
				77A5B3652624086B004DC1B2 /* LaunchScreen.storyboard in Resources */,
				771AF72F265BC962008DA833 /* bookmark.jpeg in Resources */,
				771AF72D265BC962008DA833 /* food1.png in Resources */,
				771AF728265BC962008DA833 /* title.png in Resources */,
				771AF732265BC962008DA833 /* photo2.jpeg in Resources */,
				771AF727265BC962008DA833 /* photo1.jpeg in Resources */,
				771AF72E265BC962008DA833 /* photo4.jpeg in Resources */,
				77A5B3622624086B004DC1B2 /* Assets.xcassets in Resources */,
				77A5B3602624086A004DC1B2 /* Main.storyboard in Resources */,
			);
			runOnlyForDeploymentPostprocessing = 0;
		};
		77A5B3692624086B004DC1B2 /* Resources */ = {
			isa = PBXResourcesBuildPhase;
			buildActionMask = 2147483647;
			files = (
			);
			runOnlyForDeploymentPostprocessing = 0;
		};
		77A5B3742624086B004DC1B2 /* Resources */ = {
			isa = PBXResourcesBuildPhase;
			buildActionMask = 2147483647;
			files = (
			);
			runOnlyForDeploymentPostprocessing = 0;
		};
/* End PBXResourcesBuildPhase section */

/* Begin PBXSourcesBuildPhase section */
		77A5B3512624086A004DC1B2 /* Sources */ = {
			isa = PBXSourcesBuildPhase;
			buildActionMask = 2147483647;
			files = (
				77A5B35D2624086A004DC1B2 /* ViewController.swift in Sources */,
				771AF737265BD20F008DA833 /* DeveloperPick.swift in Sources */,
				77A5B3912624133C004DC1B2 /* Parsing_Radius.swift in Sources */,
				771AF73D265BF86B008DA833 /* Object.swift in Sources */,
				77A5B3592624086A004DC1B2 /* AppDelegate.swift in Sources */,
				77A5B35B2624086A004DC1B2 /* SceneDelegate.swift in Sources */,
				77EDA7DD262EAEAA00F38033 /* Parsing_Detail.swift in Sources */,
			);
			runOnlyForDeploymentPostprocessing = 0;
		};
		77A5B3672624086B004DC1B2 /* Sources */ = {
			isa = PBXSourcesBuildPhase;
			buildActionMask = 2147483647;
			files = (
			);
			runOnlyForDeploymentPostprocessing = 0;
		};
		77A5B3722624086B004DC1B2 /* Sources */ = {
			isa = PBXSourcesBuildPhase;
			buildActionMask = 2147483647;
			files = (
			);
			runOnlyForDeploymentPostprocessing = 0;
		};
/* End PBXSourcesBuildPhase section */

/* Begin PBXTargetDependency section */
		77A5B36D2624086B004DC1B2 /* PBXTargetDependency */ = {
			isa = PBXTargetDependency;
			target = 77A5B3542624086A004DC1B2 /* SGP_WhereIGo */;
			targetProxy = 77A5B36C2624086B004DC1B2 /* PBXContainerItemProxy */;
		};
		77A5B3782624086B004DC1B2 /* PBXTargetDependency */ = {
			isa = PBXTargetDependency;
			target = 77A5B3542624086A004DC1B2 /* SGP_WhereIGo */;
			targetProxy = 77A5B3772624086B004DC1B2 /* PBXContainerItemProxy */;
		};
/* End PBXTargetDependency section */

/* Begin PBXVariantGroup section */
		77A5B35E2624086A004DC1B2 /* Main.storyboard */ = {
			isa = PBXVariantGroup;
			children = (
				77A5B35F2624086A004DC1B2 /* Base */,
			);
			name = Main.storyboard;
			sourceTree = "<group>";
		};
		77A5B3632624086B004DC1B2 /* LaunchScreen.storyboard */ = {
			isa = PBXVariantGroup;
			children = (
				77A5B3642624086B004DC1B2 /* Base */,
			);
			name = LaunchScreen.storyboard;
			sourceTree = "<group>";
		};
/* End PBXVariantGroup section */

/* Begin XCBuildConfiguration section */
		77A5B37D2624086B004DC1B2 /* Debug */ = {
			isa = XCBuildConfiguration;
			buildSettings = {
				ALWAYS_SEARCH_USER_PATHS = NO;
				CLANG_ANALYZER_NONNULL = YES;
				CLANG_ANALYZER_NUMBER_OBJECT_CONVERSION = YES_AGGRESSIVE;
				CLANG_CXX_LANGUAGE_STANDARD = "gnu++14";
				CLANG_CXX_LIBRARY = "libc++";
				CLANG_ENABLE_MODULES = YES;
				CLANG_ENABLE_OBJC_ARC = YES;
				CLANG_ENABLE_OBJC_WEAK = YES;
				CLANG_WARN_BLOCK_CAPTURE_AUTORELEASING = YES;
				CLANG_WARN_BOOL_CONVERSION = YES;
				CLANG_WARN_COMMA = YES;
				CLANG_WARN_CONSTANT_CONVERSION = YES;
				CLANG_WARN_DEPRECATED_OBJC_IMPLEMENTATIONS = YES;
				CLANG_WARN_DIRECT_OBJC_ISA_USAGE = YES_ERROR;
				CLANG_WARN_DOCUMENTATION_COMMENTS = YES;
				CLANG_WARN_EMPTY_BODY = YES;
				CLANG_WARN_ENUM_CONVERSION = YES;
				CLANG_WARN_INFINITE_RECURSION = YES;
				CLANG_WARN_INT_CONVERSION = YES;
				CLANG_WARN_NON_LITERAL_NULL_CONVERSION = YES;
				CLANG_WARN_OBJC_IMPLICIT_RETAIN_SELF = YES;
				CLANG_WARN_OBJC_LITERAL_CONVERSION = YES;
				CLANG_WARN_OBJC_ROOT_CLASS = YES_ERROR;
				CLANG_WARN_QUOTED_INCLUDE_IN_FRAMEWORK_HEADER = YES;
				CLANG_WARN_RANGE_LOOP_ANALYSIS = YES;
				CLANG_WARN_STRICT_PROTOTYPES = YES;
				CLANG_WARN_SUSPICIOUS_MOVE = YES;
				CLANG_WARN_UNGUARDED_AVAILABILITY = YES_AGGRESSIVE;
				CLANG_WARN_UNREACHABLE_CODE = YES;
				CLANG_WARN__DUPLICATE_METHOD_MATCH = YES;
				COPY_PHASE_STRIP = NO;
				DEBUG_INFORMATION_FORMAT = dwarf;
				ENABLE_STRICT_OBJC_MSGSEND = YES;
				ENABLE_TESTABILITY = YES;
				GCC_C_LANGUAGE_STANDARD = gnu11;
				GCC_DYNAMIC_NO_PIC = NO;
				GCC_NO_COMMON_BLOCKS = YES;
				GCC_OPTIMIZATION_LEVEL = 0;
				GCC_PREPROCESSOR_DEFINITIONS = (
					"DEBUG=1",
					"$(inherited)",
				);
				GCC_WARN_64_TO_32_BIT_CONVERSION = YES;
				GCC_WARN_ABOUT_RETURN_TYPE = YES_ERROR;
				GCC_WARN_UNDECLARED_SELECTOR = YES;
				GCC_WARN_UNINITIALIZED_AUTOS = YES_AGGRESSIVE;
				GCC_WARN_UNUSED_FUNCTION = YES;
				GCC_WARN_UNUSED_VARIABLE = YES;
				IPHONEOS_DEPLOYMENT_TARGET = 14.4;
				MTL_ENABLE_DEBUG_INFO = INCLUDE_SOURCE;
				MTL_FAST_MATH = YES;
				ONLY_ACTIVE_ARCH = YES;
				SDKROOT = iphoneos;
				SWIFT_ACTIVE_COMPILATION_CONDITIONS = DEBUG;
				SWIFT_OPTIMIZATION_LEVEL = "-Onone";
			};
			name = Debug;
		};
		77A5B37E2624086B004DC1B2 /* Release */ = {
			isa = XCBuildConfiguration;
			buildSettings = {
				ALWAYS_SEARCH_USER_PATHS = NO;
				CLANG_ANALYZER_NONNULL = YES;
				CLANG_ANALYZER_NUMBER_OBJECT_CONVERSION = YES_AGGRESSIVE;
				CLANG_CXX_LANGUAGE_STANDARD = "gnu++14";
				CLANG_CXX_LIBRARY = "libc++";
				CLANG_ENABLE_MODULES = YES;
				CLANG_ENABLE_OBJC_ARC = YES;
				CLANG_ENABLE_OBJC_WEAK = YES;
				CLANG_WARN_BLOCK_CAPTURE_AUTORELEASING = YES;
				CLANG_WARN_BOOL_CONVERSION = YES;
				CLANG_WARN_COMMA = YES;
				CLANG_WARN_CONSTANT_CONVERSION = YES;
				CLANG_WARN_DEPRECATED_OBJC_IMPLEMENTATIONS = YES;
				CLANG_WARN_DIRECT_OBJC_ISA_USAGE = YES_ERROR;
				CLANG_WARN_DOCUMENTATION_COMMENTS = YES;
				CLANG_WARN_EMPTY_BODY = YES;
				CLANG_WARN_ENUM_CONVERSION = YES;
				CLANG_WARN_INFINITE_RECURSION = YES;
				CLANG_WARN_INT_CONVERSION = YES;
				CLANG_WARN_NON_LITERAL_NULL_CONVERSION = YES;
				CLANG_WARN_OBJC_IMPLICIT_RETAIN_SELF = YES;
				CLANG_WARN_OBJC_LITERAL_CONVERSION = YES;
				CLANG_WARN_OBJC_ROOT_CLASS = YES_ERROR;
				CLANG_WARN_QUOTED_INCLUDE_IN_FRAMEWORK_HEADER = YES;
				CLANG_WARN_RANGE_LOOP_ANALYSIS = YES;
				CLANG_WARN_STRICT_PROTOTYPES = YES;
				CLANG_WARN_SUSPICIOUS_MOVE = YES;
				CLANG_WARN_UNGUARDED_AVAILABILITY = YES_AGGRESSIVE;
				CLANG_WARN_UNREACHABLE_CODE = YES;
				CLANG_WARN__DUPLICATE_METHOD_MATCH = YES;
				COPY_PHASE_STRIP = NO;
				DEBUG_INFORMATION_FORMAT = "dwarf-with-dsym";
				ENABLE_NS_ASSERTIONS = NO;
				ENABLE_STRICT_OBJC_MSGSEND = YES;
				GCC_C_LANGUAGE_STANDARD = gnu11;
				GCC_NO_COMMON_BLOCKS = YES;
				GCC_WARN_64_TO_32_BIT_CONVERSION = YES;
				GCC_WARN_ABOUT_RETURN_TYPE = YES_ERROR;
				GCC_WARN_UNDECLARED_SELECTOR = YES;
				GCC_WARN_UNINITIALIZED_AUTOS = YES_AGGRESSIVE;
				GCC_WARN_UNUSED_FUNCTION = YES;
				GCC_WARN_UNUSED_VARIABLE = YES;
				IPHONEOS_DEPLOYMENT_TARGET = 14.4;
				MTL_ENABLE_DEBUG_INFO = NO;
				MTL_FAST_MATH = YES;
				SDKROOT = iphoneos;
				SWIFT_COMPILATION_MODE = wholemodule;
				SWIFT_OPTIMIZATION_LEVEL = "-O";
				VALIDATE_PRODUCT = YES;
			};
			name = Release;
		};
		77A5B3802624086B004DC1B2 /* Debug */ = {
			isa = XCBuildConfiguration;
			buildSettings = {
				ASSETCATALOG_COMPILER_APPICON_NAME = AppIcon;
				ASSETCATALOG_COMPILER_GLOBAL_ACCENT_COLOR_NAME = AccentColor;
				CODE_SIGN_STYLE = Automatic;
				DEVELOPMENT_TEAM = 48578762GJ;
				INFOPLIST_FILE = SGP_WhereIGo/Info.plist;
				LD_RUNPATH_SEARCH_PATHS = (
					"$(inherited)",
					"@executable_path/Frameworks",
				);
				PRODUCT_BUNDLE_IDENTIFIER = SGP_WhereIGo;
				PRODUCT_NAME = "$(TARGET_NAME)";
				SWIFT_VERSION = 5.0;
				TARGETED_DEVICE_FAMILY = "1,2";
			};
			name = Debug;
		};
		77A5B3812624086B004DC1B2 /* Release */ = {
			isa = XCBuildConfiguration;
			buildSettings = {
				ASSETCATALOG_COMPILER_APPICON_NAME = AppIcon;
				ASSETCATALOG_COMPILER_GLOBAL_ACCENT_COLOR_NAME = AccentColor;
				CODE_SIGN_STYLE = Automatic;
				DEVELOPMENT_TEAM = 48578762GJ;
				INFOPLIST_FILE = SGP_WhereIGo/Info.plist;
				LD_RUNPATH_SEARCH_PATHS = (
					"$(inherited)",
					"@executable_path/Frameworks",
				);
				PRODUCT_BUNDLE_IDENTIFIER = SGP_WhereIGo;
				PRODUCT_NAME = "$(TARGET_NAME)";
				SWIFT_VERSION = 5.0;
				TARGETED_DEVICE_FAMILY = "1,2";
			};
			name = Release;
		};
		77A5B3832624086B004DC1B2 /* Debug */ = {
			isa = XCBuildConfiguration;
			buildSettings = {
				ALWAYS_EMBED_SWIFT_STANDARD_LIBRARIES = YES;
				BUNDLE_LOADER = "$(TEST_HOST)";
				CODE_SIGN_STYLE = Automatic;
				DEVELOPMENT_TEAM = 48578762GJ;
				INFOPLIST_FILE = XMLParsingDemoTests/Info.plist;
				IPHONEOS_DEPLOYMENT_TARGET = 14.4;
				LD_RUNPATH_SEARCH_PATHS = (
					"$(inherited)",
					"@executable_path/Frameworks",
					"@loader_path/Frameworks",
				);
				PRODUCT_BUNDLE_IDENTIFIER = "-016180016.XMLParsingDemoTests";
				PRODUCT_NAME = "$(TARGET_NAME)";
				SWIFT_VERSION = 5.0;
				TARGETED_DEVICE_FAMILY = "1,2";
				TEST_HOST = "$(BUILT_PRODUCTS_DIR)/SGP_WhereIGo.app/SGP_WhereIGo";
			};
			name = Debug;
		};
		77A5B3842624086B004DC1B2 /* Release */ = {
			isa = XCBuildConfiguration;
			buildSettings = {
				ALWAYS_EMBED_SWIFT_STANDARD_LIBRARIES = YES;
				BUNDLE_LOADER = "$(TEST_HOST)";
				CODE_SIGN_STYLE = Automatic;
				DEVELOPMENT_TEAM = 48578762GJ;
				INFOPLIST_FILE = XMLParsingDemoTests/Info.plist;
				IPHONEOS_DEPLOYMENT_TARGET = 14.4;
				LD_RUNPATH_SEARCH_PATHS = (
					"$(inherited)",
					"@executable_path/Frameworks",
					"@loader_path/Frameworks",
				);
				PRODUCT_BUNDLE_IDENTIFIER = "-016180016.XMLParsingDemoTests";
				PRODUCT_NAME = "$(TARGET_NAME)";
				SWIFT_VERSION = 5.0;
				TARGETED_DEVICE_FAMILY = "1,2";
				TEST_HOST = "$(BUILT_PRODUCTS_DIR)/SGP_WhereIGo.app/SGP_WhereIGo";
			};
			name = Release;
		};
		77A5B3862624086B004DC1B2 /* Debug */ = {
			isa = XCBuildConfiguration;
			buildSettings = {
				ALWAYS_EMBED_SWIFT_STANDARD_LIBRARIES = YES;
				CODE_SIGN_STYLE = Automatic;
				DEVELOPMENT_TEAM = 48578762GJ;
				INFOPLIST_FILE = XMLParsingDemoUITests/Info.plist;
				LD_RUNPATH_SEARCH_PATHS = (
					"$(inherited)",
					"@executable_path/Frameworks",
					"@loader_path/Frameworks",
				);
				PRODUCT_BUNDLE_IDENTIFIER = "-016180016.XMLParsingDemoUITests";
				PRODUCT_NAME = "$(TARGET_NAME)";
				SWIFT_VERSION = 5.0;
				TARGETED_DEVICE_FAMILY = "1,2";
				TEST_TARGET_NAME = XMLParsingDemo;
			};
			name = Debug;
		};
		77A5B3872624086B004DC1B2 /* Release */ = {
			isa = XCBuildConfiguration;
			buildSettings = {
				ALWAYS_EMBED_SWIFT_STANDARD_LIBRARIES = YES;
				CODE_SIGN_STYLE = Automatic;
				DEVELOPMENT_TEAM = 48578762GJ;
				INFOPLIST_FILE = XMLParsingDemoUITests/Info.plist;
				LD_RUNPATH_SEARCH_PATHS = (
					"$(inherited)",
					"@executable_path/Frameworks",
					"@loader_path/Frameworks",
				);
				PRODUCT_BUNDLE_IDENTIFIER = "-016180016.XMLParsingDemoUITests";
				PRODUCT_NAME = "$(TARGET_NAME)";
				SWIFT_VERSION = 5.0;
				TARGETED_DEVICE_FAMILY = "1,2";
				TEST_TARGET_NAME = XMLParsingDemo;
			};
			name = Release;
		};
/* End XCBuildConfiguration section */

/* Begin XCConfigurationList section */
		77A5B3502624086A004DC1B2 /* Build configuration list for PBXProject "SGP_WhereIGo" */ = {
			isa = XCConfigurationList;
			buildConfigurations = (
				77A5B37D2624086B004DC1B2 /* Debug */,
				77A5B37E2624086B004DC1B2 /* Release */,
			);
			defaultConfigurationIsVisible = 0;
			defaultConfigurationName = Release;
		};
		77A5B37F2624086B004DC1B2 /* Build configuration list for PBXNativeTarget "SGP_WhereIGo" */ = {
			isa = XCConfigurationList;
			buildConfigurations = (
				77A5B3802624086B004DC1B2 /* Debug */,
				77A5B3812624086B004DC1B2 /* Release */,
			);
			defaultConfigurationIsVisible = 0;
			defaultConfigurationName = Release;
		};
		77A5B3822624086B004DC1B2 /* Build configuration list for PBXNativeTarget "SGP_WhereIGoTests" */ = {
			isa = XCConfigurationList;
			buildConfigurations = (
				77A5B3832624086B004DC1B2 /* Debug */,
				77A5B3842624086B004DC1B2 /* Release */,
			);
			defaultConfigurationIsVisible = 0;
			defaultConfigurationName = Release;
		};
		77A5B3852624086B004DC1B2 /* Build configuration list for PBXNativeTarget "SGP_WhereIGoUITests" */ = {
			isa = XCConfigurationList;
			buildConfigurations = (
				77A5B3862624086B004DC1B2 /* Debug */,
				77A5B3872624086B004DC1B2 /* Release */,
			);
			defaultConfigurationIsVisible = 0;
			defaultConfigurationName = Release;
		};
/* End XCConfigurationList section */
	};
	rootObject = 77A5B34D2624086A004DC1B2 /* Project object */;
}
